
Microsoft Visual Studio Solution File, Format Version 12.00
# Visual Studio Version 16
VisualStudioVersion = 16.0.809.6
MinimumVisualStudioVersion = 10.0.40219.1
Project("{FAE04EC0-301F-11D3-BF4B-00C04F79EFBC}") = "WorkingWithPaths", "WorkingWithPaths\WorkingWithPaths.csproj", "{6B20D57D-74AD-43DC-8FF3-A18996803BF2}"
EndProject
Global
	GlobalSection(SolutionConfigurationPlatforms) = preSolution
		Debug|anycpu = Debug|anycpu
		Release|anycpu = Release|anycpu
	EndGlobalSection
	GlobalSection(ProjectConfigurationPlatforms) = postSolution
		{6B20D57D-74AD-43DC-8FF3-A18996803BF2}.Debug|anycpu.ActiveCfg = Debug|anycpu
		{6B20D57D-74AD-43DC-8FF3-A18996803BF2}.Debug|anycpu.Build.0 = Debug|anycpu
		{6B20D57D-74AD-43DC-8FF3-A18996803BF2}.Release|anycpu.ActiveCfg = Release|anycpu
		{6B20D57D-74AD-43DC-8FF3-A18996803BF2}.Release|anycpu.Build.0 = Release|anycpu
	EndGlobalSection
	GlobalSection(SolutionProperties) = preSolution
		HideSolutionNode = FALSE
	EndGlobalSection
	GlobalSection(ExtensibilityGlobals) = postSolution
		SolutionGuid = {1F6B3C97-CE28-4432-A6F5-8AAC51DEE551}
	EndGlobalSection
EndGlobal
