
Microsoft Visual Studio Solution File, Format Version 12.00
# Visual Studio Version 16
VisualStudioVersion = 16.0.809.5
MinimumVisualStudioVersion = 10.0.40219.1
Project("{FAE04EC0-301F-11D3-BF4B-00C04F79EFBC}") = "PrimitiveTypes", "PrimitiveTypes\PrimitiveTypes.csproj", "{05E733B8-EC70-44EA-B146-020B61804D62}"
EndProject
Global
	GlobalSection(SolutionConfigurationPlatforms) = preSolution
		Debug|anycpu = Debug|anycpu
		Release|anycpu = Release|anycpu
	EndGlobalSection
	GlobalSection(ProjectConfigurationPlatforms) = postSolution
		{05E733B8-EC70-44EA-B146-020B61804D62}.Debug|anycpu.ActiveCfg = Debug|anycpu
		{05E733B8-EC70-44EA-B146-020B61804D62}.Debug|anycpu.Build.0 = Debug|anycpu
		{05E733B8-EC70-44EA-B146-020B61804D62}.Release|anycpu.ActiveCfg = Release|anycpu
		{05E733B8-EC70-44EA-B146-020B61804D62}.Release|anycpu.Build.0 = Release|anycpu
	EndGlobalSection
	GlobalSection(SolutionProperties) = preSolution
		HideSolutionNode = FALSE
	EndGlobalSection
	GlobalSection(ExtensibilityGlobals) = postSolution
		SolutionGuid = {0B5002B7-67A2-4E3F-99DF-4D373FACA937}
	EndGlobalSection
EndGlobal
