
Microsoft Visual Studio Solution File, Format Version 12.00
# Visual Studio Version 16
VisualStudioVersion = 16.0.809.6
MinimumVisualStudioVersion = 10.0.40219.1
Project("{FAE04EC0-301F-11D3-BF4B-00C04F79EFBC}") = "IterationsForLoops", "IterationsForLoops\IterationsForLoops.csproj", "{7FF52336-2400-49C0-BE8E-F86862DECD61}"
EndProject
Global
	GlobalSection(SolutionConfigurationPlatforms) = preSolution
		Debug|anycpu = Debug|anycpu
		Release|anycpu = Release|anycpu
	EndGlobalSection
	GlobalSection(ProjectConfigurationPlatforms) = postSolution
		{7FF52336-2400-49C0-BE8E-F86862DECD61}.Debug|anycpu.ActiveCfg = Debug|anycpu
		{7FF52336-2400-49C0-BE8E-F86862DECD61}.Debug|anycpu.Build.0 = Debug|anycpu
		{7FF52336-2400-49C0-BE8E-F86862DECD61}.Release|anycpu.ActiveCfg = Release|anycpu
		{7FF52336-2400-49C0-BE8E-F86862DECD61}.Release|anycpu.Build.0 = Release|anycpu
	EndGlobalSection
	GlobalSection(SolutionProperties) = preSolution
		HideSolutionNode = FALSE
	EndGlobalSection
	GlobalSection(ExtensibilityGlobals) = postSolution
		SolutionGuid = {D903447F-90FE-457B-95E8-9FC3D5AA8D7C}
	EndGlobalSection
EndGlobal
