
Microsoft Visual Studio Solution File, Format Version 12.00
# Visual Studio Version 16
VisualStudioVersion = 16.0.809.6
MinimumVisualStudioVersion = 10.0.40219.1
Project("{FAE04EC0-301F-11D3-BF4B-00C04F79EFBC}") = "Classes", "Classes\Classes.csproj", "{CD3A6708-5445-4E45-9CF4-77D327FF45F6}"
EndProject
Global
	GlobalSection(SolutionConfigurationPlatforms) = preSolution
		Debug|anycpu = Debug|anycpu
		Release|anycpu = Release|anycpu
	EndGlobalSection
	GlobalSection(ProjectConfigurationPlatforms) = postSolution
		{CD3A6708-5445-4E45-9CF4-77D327FF45F6}.Debug|anycpu.ActiveCfg = Debug|anycpu
		{CD3A6708-5445-4E45-9CF4-77D327FF45F6}.Debug|anycpu.Build.0 = Debug|anycpu
		{CD3A6708-5445-4E45-9CF4-77D327FF45F6}.Release|anycpu.ActiveCfg = Release|anycpu
		{CD3A6708-5445-4E45-9CF4-77D327FF45F6}.Release|anycpu.Build.0 = Release|anycpu
	EndGlobalSection
	GlobalSection(SolutionProperties) = preSolution
		HideSolutionNode = FALSE
	EndGlobalSection
	GlobalSection(ExtensibilityGlobals) = postSolution
		SolutionGuid = {11C35B27-6A27-4B5C-ADF8-05FAC9B33918}
	EndGlobalSection
EndGlobal
