
Microsoft Visual Studio Solution File, Format Version 12.00
# Visual Studio Version 16
VisualStudioVersion = 16.0.809.6
MinimumVisualStudioVersion = 10.0.40219.1
Project("{FAE04EC0-301F-11D3-BF4B-00C04F79EFBC}") = "Strings", "Strings\Strings.csproj", "{F63309DD-ED63-4BFC-9B7C-EBF00693E4D2}"
EndProject
Global
	GlobalSection(SolutionConfigurationPlatforms) = preSolution
		Debug|anycpu = Debug|anycpu
		Release|anycpu = Release|anycpu
	EndGlobalSection
	GlobalSection(ProjectConfigurationPlatforms) = postSolution
		{F63309DD-ED63-4BFC-9B7C-EBF00693E4D2}.Debug|anycpu.ActiveCfg = Debug|anycpu
		{F63309DD-ED63-4BFC-9B7C-EBF00693E4D2}.Debug|anycpu.Build.0 = Debug|anycpu
		{F63309DD-ED63-4BFC-9B7C-EBF00693E4D2}.Release|anycpu.ActiveCfg = Release|anycpu
		{F63309DD-ED63-4BFC-9B7C-EBF00693E4D2}.Release|anycpu.Build.0 = Release|anycpu
	EndGlobalSection
	GlobalSection(SolutionProperties) = preSolution
		HideSolutionNode = FALSE
	EndGlobalSection
	GlobalSection(ExtensibilityGlobals) = postSolution
		SolutionGuid = {FCE288F9-E121-4DF0-A9F9-C8FF42377259}
	EndGlobalSection
EndGlobal
