
Microsoft Visual Studio Solution File, Format Version 12.00
# Visual Studio Version 16
VisualStudioVersion = 16.0.809.6
MinimumVisualStudioVersion = 10.0.40219.1
Project("{FAE04EC0-301F-11D3-BF4B-00C04F79EFBC}") = "IterationsWhileLoops", "IterationsWhileLoops\IterationsWhileLoops.csproj", "{907506C6-B8F6-46E9-B84F-C443A194911C}"
EndProject
Global
	GlobalSection(SolutionConfigurationPlatforms) = preSolution
		Debug|anycpu = Debug|anycpu
		Release|anycpu = Release|anycpu
	EndGlobalSection
	GlobalSection(ProjectConfigurationPlatforms) = postSolution
		{907506C6-B8F6-46E9-B84F-C443A194911C}.Debug|anycpu.ActiveCfg = Debug|anycpu
		{907506C6-B8F6-46E9-B84F-C443A194911C}.Debug|anycpu.Build.0 = Debug|anycpu
		{907506C6-B8F6-46E9-B84F-C443A194911C}.Release|anycpu.ActiveCfg = Release|anycpu
		{907506C6-B8F6-46E9-B84F-C443A194911C}.Release|anycpu.Build.0 = Release|anycpu
	EndGlobalSection
	GlobalSection(SolutionProperties) = preSolution
		HideSolutionNode = FALSE
	EndGlobalSection
	GlobalSection(ExtensibilityGlobals) = postSolution
		SolutionGuid = {11415295-B524-4299-9F5C-18690BB3C37B}
	EndGlobalSection
EndGlobal
