
Microsoft Visual Studio Solution File, Format Version 12.00
# Visual Studio Version 16
VisualStudioVersion = 16.0.809.5
MinimumVisualStudioVersion = 10.0.40219.1
Project("{FAE04EC0-301F-11D3-BF4B-00C04F79EFBC}") = "TypeConversion", "TypeConversion\TypeConversion.csproj", "{7F395D8D-A9FD-4CB0-8F60-CF98A9B9778C}"
EndProject
Global
	GlobalSection(SolutionConfigurationPlatforms) = preSolution
		Debug|anycpu = Debug|anycpu
		Release|anycpu = Release|anycpu
	EndGlobalSection
	GlobalSection(ProjectConfigurationPlatforms) = postSolution
		{7F395D8D-A9FD-4CB0-8F60-CF98A9B9778C}.Debug|anycpu.ActiveCfg = Debug|anycpu
		{7F395D8D-A9FD-4CB0-8F60-CF98A9B9778C}.Debug|anycpu.Build.0 = Debug|anycpu
		{7F395D8D-A9FD-4CB0-8F60-CF98A9B9778C}.Release|anycpu.ActiveCfg = Release|anycpu
		{7F395D8D-A9FD-4CB0-8F60-CF98A9B9778C}.Release|anycpu.Build.0 = Release|anycpu
	EndGlobalSection
	GlobalSection(SolutionProperties) = preSolution
		HideSolutionNode = FALSE
	EndGlobalSection
	GlobalSection(ExtensibilityGlobals) = postSolution
		SolutionGuid = {6BDF5680-43B0-4E55-90F2-46BB7EC180D5}
	EndGlobalSection
EndGlobal
