
Microsoft Visual Studio Solution File, Format Version 12.00
# Visual Studio Version 16
VisualStudioVersion = 16.0.809.5
MinimumVisualStudioVersion = 10.0.40219.1
Project("{FAE04EC0-301F-11D3-BF4B-00C04F79EFBC}") = "Operators", "Operators\Operators.csproj", "{EF1F6953-70D1-4477-8357-075C83186141}"
EndProject
Global
	GlobalSection(SolutionConfigurationPlatforms) = preSolution
		Debug|anycpu = Debug|anycpu
		Release|anycpu = Release|anycpu
	EndGlobalSection
	GlobalSection(ProjectConfigurationPlatforms) = postSolution
		{EF1F6953-70D1-4477-8357-075C83186141}.Debug|anycpu.ActiveCfg = Debug|anycpu
		{EF1F6953-70D1-4477-8357-075C83186141}.Debug|anycpu.Build.0 = Debug|anycpu
		{EF1F6953-70D1-4477-8357-075C83186141}.Release|anycpu.ActiveCfg = Release|anycpu
		{EF1F6953-70D1-4477-8357-075C83186141}.Release|anycpu.Build.0 = Release|anycpu
	EndGlobalSection
	GlobalSection(SolutionProperties) = preSolution
		HideSolutionNode = FALSE
	EndGlobalSection
	GlobalSection(ExtensibilityGlobals) = postSolution
		SolutionGuid = {50DD0F42-6290-4042-8286-7AB92C3B74C1}
	EndGlobalSection
EndGlobal
