
Microsoft Visual Studio Solution File, Format Version 12.00
# Visual Studio Version 16
VisualStudioVersion = 16.0.809.6
MinimumVisualStudioVersion = 10.0.40219.1
Project("{FAE04EC0-301F-11D3-BF4B-00C04F79EFBC}") = "ReferenceTypesValueTypesPt2", "ReferenceTypesValueTypesPt2\ReferenceTypesValueTypesPt2.csproj", "{619A4529-18C2-4458-8DCD-6B81C860A258}"
EndProject
Global
	GlobalSection(SolutionConfigurationPlatforms) = preSolution
		Debug|anycpu = Debug|anycpu
		Release|anycpu = Release|anycpu
	EndGlobalSection
	GlobalSection(ProjectConfigurationPlatforms) = postSolution
		{619A4529-18C2-4458-8DCD-6B81C860A258}.Debug|anycpu.ActiveCfg = Debug|anycpu
		{619A4529-18C2-4458-8DCD-6B81C860A258}.Debug|anycpu.Build.0 = Debug|anycpu
		{619A4529-18C2-4458-8DCD-6B81C860A258}.Release|anycpu.ActiveCfg = Release|anycpu
		{619A4529-18C2-4458-8DCD-6B81C860A258}.Release|anycpu.Build.0 = Release|anycpu
	EndGlobalSection
	GlobalSection(SolutionProperties) = preSolution
		HideSolutionNode = FALSE
	EndGlobalSection
	GlobalSection(ExtensibilityGlobals) = postSolution
		SolutionGuid = {E419E742-2AC4-4F85-A47D-666E98B6027D}
	EndGlobalSection
EndGlobal
